
Microsoft Visual Studio Solution File, Format Version 12.00
# Visual Studio Version 17
VisualStudioVersion = 17.14.36623.8 d17.14
MinimumVisualStudioVersion = 10.0.40219.1
Project("{FAE04EC0-301F-11D3-BF4B-00C04F79EFBC}") = "Topic4Assignment", "Topic4Assignment\Topic4Assignment.csproj", "{B0B8AD1B-4B34-4AB5-B7D1-A7DC99A2B21A}"
EndProject
Global
	GlobalSection(SolutionConfigurationPlatforms) = preSolution
		Debug|Any CPU = Debug|Any CPU
		Release|Any CPU = Release|Any CPU
	EndGlobalSection
	GlobalSection(ProjectConfigurationPlatforms) = postSolution
		{B0B8AD1B-4B34-4AB5-B7D1-A7DC99A2B21A}.Debug|Any CPU.ActiveCfg = Debug|Any CPU
		{B0B8AD1B-4B34-4AB5-B7D1-A7DC99A2B21A}.Debug|Any CPU.Build.0 = Debug|Any CPU
		{B0B8AD1B-4B34-4AB5-B7D1-A7DC99A2B21A}.Release|Any CPU.ActiveCfg = Release|Any CPU
		{B0B8AD1B-4B34-4AB5-B7D1-A7DC99A2B21A}.Release|Any CPU.Build.0 = Release|Any CPU
	EndGlobalSection
	GlobalSection(SolutionProperties) = preSolution
		HideSolutionNode = FALSE
	EndGlobalSection
	GlobalSection(ExtensibilityGlobals) = postSolution
		SolutionGuid = {17FCB991-B04A-4C18-84CC-C024C6BF0FF8}
	EndGlobalSection
EndGlobal
